// !$*UTF8*$!
{
	archiveVersion = 1;
	classes = {
	};
	objectVersion = 50;
	objects = {

/* Begin PBXBuildFile section */
		3911F28C23D8BA740098FEB7 /* asm.cpp in Sources */ = {isa = PBXBuildFile; fileRef = 3911F26523D8BA720098FEB7 /* asm.cpp */; };
		3911F28D23D8BA740098FEB7 /* squirrel.cpp in Sources */ = {isa = PBXBuildFile; fileRef = 3911F26723D8BA720098FEB7 /* squirrel.cpp */; };
		3911F28E23D8BA740098FEB7 /* compiler.cpp in Sources */ = {isa = PBXBuildFile; fileRef = 3911F26923D8BA720098FEB7 /* compiler.cpp */; };
		3911F28F23D8BA740098FEB7 /* stdafx.cpp in Sources */ = {isa = PBXBuildFile; fileRef = 3911F26C23D8BA720098FEB7 /* stdafx.cpp */; };
		3911F29023D8BA740098FEB7 /* sqbind.cpp in Sources */ = {isa = PBXBuildFile; fileRef = 3911F26D23D8BA720098FEB7 /* sqbind.cpp */; };
		3911F29123D8BA740098FEB7 /* compiler.inc in Sources */ = {isa = PBXBuildFile; fileRef = 3911F27023D8BA730098FEB7 /* compiler.inc */; };
		3911F29223D8BA740098FEB7 /* comstate.cpp in Sources */ = {isa = PBXBuildFile; fileRef = 3911F27523D8BA730098FEB7 /* comstate.cpp */; };
		3911F29323D8BA740098FEB7 /* compiler_eval.cpp in Sources */ = {isa = PBXBuildFile; fileRef = 3911F27723D8BA730098FEB7 /* compiler_eval.cpp */; };
		3911F29423D8BA740098FEB7 /* imager.cpp in Sources */ = {isa = PBXBuildFile; fileRef = 3911F27823D8BA730098FEB7 /* imager.cpp */; };
		3911F29623D8BA740098FEB7 /* compiler_src.cpp in Sources */ = {isa = PBXBuildFile; fileRef = 3911F27C23D8BA730098FEB7 /* compiler_src.cpp */; };
		3911F29723D8BA740098FEB7 /* sqlinker.cpp in Sources */ = {isa = PBXBuildFile; fileRef = 3911F27E23D8BA730098FEB7 /* sqlinker.cpp */; };
		3911F29823D8BA740098FEB7 /* sqapi.cpp in Sources */ = {isa = PBXBuildFile; fileRef = 3911F28023D8BA730098FEB7 /* sqapi.cpp */; };
		3911F29923D8BA740098FEB7 /* strings.cpp in Sources */ = {isa = PBXBuildFile; fileRef = 3911F28423D8BA730098FEB7 /* strings.cpp */; };
		3911F29A23D8BA740098FEB7 /* convert_parse.cpp in Sources */ = {isa = PBXBuildFile; fileRef = 3911F28623D8BA730098FEB7 /* convert_parse.cpp */; };
		3911F29B23D8BA740098FEB7 /* streams.cpp in Sources */ = {isa = PBXBuildFile; fileRef = 3911F28823D8BA730098FEB7 /* streams.cpp */; };
		3911F29C23D8BA740098FEB7 /* vfs.cpp in Sources */ = {isa = PBXBuildFile; fileRef = 3911F28923D8BA730098FEB7 /* vfs.cpp */; };
		39FA00B323D8BB9100840712 /* main.cpp in Sources */ = {isa = PBXBuildFile; fileRef = 39FA00B223D8BB9100840712 /* main.cpp */; };
/* End PBXBuildFile section */

/* Begin PBXCopyFilesBuildPhase section */
		3911F22623D8B5190098FEB7 /* CopyFiles */ = {
			isa = PBXCopyFilesBuildPhase;
			buildActionMask = 2147483647;
			dstPath = /usr/share/man/man1/;
			dstSubfolderSpec = 0;
			files = (
			);
			runOnlyForDeploymentPostprocessing = 1;
		};
/* End PBXCopyFilesBuildPhase section */

/* Begin PBXFileReference section */
		3911F22823D8B5190098FEB7 /* k65mac */ = {isa = PBXFileReference; explicitFileType = "compiled.mach-o.executable"; includeInIndex = 0; path = k65mac; sourceTree = BUILT_PRODUCTS_DIR; };
		3911F26123D8BA720098FEB7 /* vcs.h */ = {isa = PBXFileReference; fileEncoding = 4; lastKnownFileType = sourcecode.c.h; name = vcs.h; path = ../../../k65/src/vcs.h; sourceTree = "<group>"; };
		3911F26223D8BA720098FEB7 /* sqlinker.h */ = {isa = PBXFileReference; fileEncoding = 4; lastKnownFileType = sourcecode.c.h; name = sqlinker.h; path = ../../../k65/src/sqlinker.h; sourceTree = "<group>"; };
		3911F26323D8BA720098FEB7 /* stdafx.h */ = {isa = PBXFileReference; fileEncoding = 4; lastKnownFileType = sourcecode.c.h; name = stdafx.h; path = ../../../k65/src/stdafx.h; sourceTree = "<group>"; };
		3911F26423D8BA720098FEB7 /* comstate.h */ = {isa = PBXFileReference; fileEncoding = 4; lastKnownFileType = sourcecode.c.h; name = comstate.h; path = ../../../k65/src/comstate.h; sourceTree = "<group>"; };
		3911F26523D8BA720098FEB7 /* asm.cpp */ = {isa = PBXFileReference; fileEncoding = 4; lastKnownFileType = sourcecode.cpp.cpp; name = asm.cpp; path = ../../../k65/src/asm.cpp; sourceTree = "<group>"; };
		3911F26623D8BA720098FEB7 /* macro.h */ = {isa = PBXFileReference; fileEncoding = 4; lastKnownFileType = sourcecode.c.h; name = macro.h; path = ../../../k65/src/macro.h; sourceTree = "<group>"; };
		3911F26723D8BA720098FEB7 /* squirrel.cpp */ = {isa = PBXFileReference; fileEncoding = 4; lastKnownFileType = sourcecode.cpp.cpp; name = squirrel.cpp; path = ../../../k65/src/squirrel.cpp; sourceTree = "<group>"; };
		3911F26923D8BA720098FEB7 /* compiler.cpp */ = {isa = PBXFileReference; fileEncoding = 4; lastKnownFileType = sourcecode.cpp.cpp; path = compiler.cpp; sourceTree = "<group>"; };
		3911F26A23D8BA720098FEB7 /* compiler_evops.inl */ = {isa = PBXFileReference; fileEncoding = 4; lastKnownFileType = text; path = compiler_evops.inl; sourceTree = "<group>"; };
		3911F26B23D8BA720098FEB7 /* evalparser.h */ = {isa = PBXFileReference; fileEncoding = 4; lastKnownFileType = sourcecode.c.h; name = evalparser.h; path = ../../../k65/src/evalparser.h; sourceTree = "<group>"; };
		3911F26C23D8BA720098FEB7 /* stdafx.cpp */ = {isa = PBXFileReference; fileEncoding = 4; lastKnownFileType = sourcecode.cpp.cpp; name = stdafx.cpp; path = ../../../k65/src/stdafx.cpp; sourceTree = "<group>"; };
		3911F26D23D8BA720098FEB7 /* sqbind.cpp */ = {isa = PBXFileReference; fileEncoding = 4; lastKnownFileType = sourcecode.cpp.cpp; name = sqbind.cpp; path = ../../../k65/src/sqbind.cpp; sourceTree = "<group>"; };
		3911F26E23D8BA730098FEB7 /* eval.h */ = {isa = PBXFileReference; fileEncoding = 4; lastKnownFileType = sourcecode.c.h; name = eval.h; path = ../../../k65/src/eval.h; sourceTree = "<group>"; };
		3911F26F23D8BA730098FEB7 /* sqbind.h */ = {isa = PBXFileReference; fileEncoding = 4; lastKnownFileType = sourcecode.c.h; name = sqbind.h; path = ../../../k65/src/sqbind.h; sourceTree = "<group>"; };
		3911F27023D8BA730098FEB7 /* compiler.inc */ = {isa = PBXFileReference; fileEncoding = 4; lastKnownFileType = sourcecode.pascal; name = compiler.inc; path = ../../../k65/src/compiler.inc; sourceTree = "<group>"; };
		3911F27123D8BA730098FEB7 /* optab.h */ = {isa = PBXFileReference; fileEncoding = 4; lastKnownFileType = sourcecode.c.h; name = optab.h; path = ../../../k65/src/optab.h; sourceTree = "<group>"; };
		3911F27223D8BA730098FEB7 /* imager.h */ = {isa = PBXFileReference; fileEncoding = 4; lastKnownFileType = sourcecode.c.h; name = imager.h; path = ../../../k65/src/imager.h; sourceTree = "<group>"; };
		3911F27323D8BA730098FEB7 /* coltab_pal.h */ = {isa = PBXFileReference; fileEncoding = 4; lastKnownFileType = sourcecode.c.h; name = coltab_pal.h; path = ../../../k65/src/coltab_pal.h; sourceTree = "<group>"; };
		3911F27423D8BA730098FEB7 /* common.h */ = {isa = PBXFileReference; fileEncoding = 4; lastKnownFileType = sourcecode.c.h; name = common.h; path = ../../../k65/src/common.h; sourceTree = "<group>"; };
		3911F27523D8BA730098FEB7 /* comstate.cpp */ = {isa = PBXFileReference; fileEncoding = 4; lastKnownFileType = sourcecode.cpp.cpp; name = comstate.cpp; path = ../../../k65/src/comstate.cpp; sourceTree = "<group>"; };
		3911F27623D8BA730098FEB7 /* gen_eval_ops.awk */ = {isa = PBXFileReference; fileEncoding = 4; lastKnownFileType = text; name = gen_eval_ops.awk; path = ../../../k65/src/gen_eval_ops.awk; sourceTree = "<group>"; };
		3911F27723D8BA730098FEB7 /* compiler_eval.cpp */ = {isa = PBXFileReference; fileEncoding = 4; lastKnownFileType = sourcecode.cpp.cpp; name = compiler_eval.cpp; path = ../../../k65/src/compiler_eval.cpp; sourceTree = "<group>"; };
		3911F27823D8BA730098FEB7 /* imager.cpp */ = {isa = PBXFileReference; fileEncoding = 4; lastKnownFileType = sourcecode.cpp.cpp; name = imager.cpp; path = ../../../k65/src/imager.cpp; sourceTree = "<group>"; };
		3911F27923D8BA730098FEB7 /* squirrel.h */ = {isa = PBXFileReference; fileEncoding = 4; lastKnownFileType = sourcecode.c.h; name = squirrel.h; path = ../../../k65/src/squirrel.h; sourceTree = "<group>"; };
		3911F27B23D8BA730098FEB7 /* compiler.h */ = {isa = PBXFileReference; fileEncoding = 4; lastKnownFileType = sourcecode.c.h; name = compiler.h; path = ../../../k65/src/compiler.h; sourceTree = "<group>"; };
		3911F27C23D8BA730098FEB7 /* compiler_src.cpp */ = {isa = PBXFileReference; fileEncoding = 4; lastKnownFileType = sourcecode.cpp.cpp; name = compiler_src.cpp; path = ../../../k65/src/compiler_src.cpp; sourceTree = "<group>"; };
		3911F27D23D8BA730098FEB7 /* compiler_evany.h */ = {isa = PBXFileReference; fileEncoding = 4; lastKnownFileType = sourcecode.c.h; name = compiler_evany.h; path = ../../../k65/src/compiler_evany.h; sourceTree = "<group>"; };
		3911F27E23D8BA730098FEB7 /* sqlinker.cpp */ = {isa = PBXFileReference; fileEncoding = 4; lastKnownFileType = sourcecode.cpp.cpp; name = sqlinker.cpp; path = ../../../k65/src/sqlinker.cpp; sourceTree = "<group>"; };
		3911F27F23D8BA730098FEB7 /* asm.h */ = {isa = PBXFileReference; fileEncoding = 4; lastKnownFileType = sourcecode.c.h; name = asm.h; path = ../../../k65/src/asm.h; sourceTree = "<group>"; };
		3911F28023D8BA730098FEB7 /* sqapi.cpp */ = {isa = PBXFileReference; fileEncoding = 4; lastKnownFileType = sourcecode.cpp.cpp; name = sqapi.cpp; path = ../../../k65/src/sqapi.cpp; sourceTree = "<group>"; };
		3911F28223D8BA730098FEB7 /* streams.h */ = {isa = PBXFileReference; fileEncoding = 4; lastKnownFileType = sourcecode.c.h; path = streams.h; sourceTree = "<group>"; };
		3911F28323D8BA730098FEB7 /* convert2.h */ = {isa = PBXFileReference; fileEncoding = 4; lastKnownFileType = sourcecode.c.h; path = convert2.h; sourceTree = "<group>"; };
		3911F28423D8BA730098FEB7 /* strings.cpp */ = {isa = PBXFileReference; fileEncoding = 4; lastKnownFileType = sourcecode.cpp.cpp; path = strings.cpp; sourceTree = "<group>"; };
		3911F28523D8BA730098FEB7 /* vfs.h */ = {isa = PBXFileReference; fileEncoding = 4; lastKnownFileType = sourcecode.c.h; path = vfs.h; sourceTree = "<group>"; };
		3911F28623D8BA730098FEB7 /* convert_parse.cpp */ = {isa = PBXFileReference; fileEncoding = 4; lastKnownFileType = sourcecode.cpp.cpp; path = convert_parse.cpp; sourceTree = "<group>"; };
		3911F28723D8BA730098FEB7 /* strings.h */ = {isa = PBXFileReference; fileEncoding = 4; lastKnownFileType = sourcecode.c.h; path = strings.h; sourceTree = "<group>"; };
		3911F28823D8BA730098FEB7 /* streams.cpp */ = {isa = PBXFileReference; fileEncoding = 4; lastKnownFileType = sourcecode.cpp.cpp; path = streams.cpp; sourceTree = "<group>"; };
		3911F28923D8BA730098FEB7 /* vfs.cpp */ = {isa = PBXFileReference; fileEncoding = 4; lastKnownFileType = sourcecode.cpp.cpp; path = vfs.cpp; sourceTree = "<group>"; };
		3911F28A23D8BA730098FEB7 /* base.h */ = {isa = PBXFileReference; fileEncoding = 4; lastKnownFileType = sourcecode.c.h; path = base.h; sourceTree = "<group>"; };
		3911F28B23D8BA730098FEB7 /* vmath.h */ = {isa = PBXFileReference; fileEncoding = 4; lastKnownFileType = sourcecode.c.h; path = vmath.h; sourceTree = "<group>"; };
		39FA00B223D8BB9100840712 /* main.cpp */ = {isa = PBXFileReference; fileEncoding = 4; lastKnownFileType = sourcecode.cpp.cpp; path = main.cpp; sourceTree = "<group>"; };
/* End PBXFileReference section */

/* Begin PBXFrameworksBuildPhase section */
		3911F22523D8B5190098FEB7 /* Frameworks */ = {
			isa = PBXFrameworksBuildPhase;
			buildActionMask = 2147483647;
			files = (
			);
			runOnlyForDeploymentPostprocessing = 0;
		};
/* End PBXFrameworksBuildPhase section */

/* Begin PBXGroup section */
		3911F21F23D8B5190098FEB7 = {
			isa = PBXGroup;
			children = (
				3911F22A23D8B5190098FEB7 /* k65mac */,
				3911F22923D8B5190098FEB7 /* Products */,
			);
			sourceTree = "<group>";
		};
		3911F22923D8B5190098FEB7 /* Products */ = {
			isa = PBXGroup;
			children = (
				3911F22823D8B5190098FEB7 /* k65mac */,
			);
			name = Products;
			sourceTree = "<group>";
		};
		3911F22A23D8B5190098FEB7 /* k65mac */ = {
			isa = PBXGroup;
			children = (
				39FA00B223D8BB9100840712 /* main.cpp */,
				3911F26523D8BA720098FEB7 /* asm.cpp */,
				3911F27F23D8BA730098FEB7 /* asm.h */,
				3911F28123D8BA730098FEB7 /* base */,
				3911F27323D8BA730098FEB7 /* coltab_pal.h */,
				3911F27423D8BA730098FEB7 /* common.h */,
				3911F27723D8BA730098FEB7 /* compiler_eval.cpp */,
				3911F27D23D8BA730098FEB7 /* compiler_evany.h */,
				3911F27C23D8BA730098FEB7 /* compiler_src.cpp */,
				3911F27B23D8BA730098FEB7 /* compiler.h */,
				3911F27023D8BA730098FEB7 /* compiler.inc */,
				3911F27523D8BA730098FEB7 /* comstate.cpp */,
				3911F26423D8BA720098FEB7 /* comstate.h */,
				3911F26E23D8BA730098FEB7 /* eval.h */,
				3911F26B23D8BA720098FEB7 /* evalparser.h */,
				3911F26823D8BA720098FEB7 /* gen */,
				3911F27623D8BA730098FEB7 /* gen_eval_ops.awk */,
				3911F27823D8BA730098FEB7 /* imager.cpp */,
				3911F27223D8BA730098FEB7 /* imager.h */,
				3911F26623D8BA720098FEB7 /* macro.h */,
				3911F27123D8BA730098FEB7 /* optab.h */,
				3911F28023D8BA730098FEB7 /* sqapi.cpp */,
				3911F26D23D8BA720098FEB7 /* sqbind.cpp */,
				3911F26F23D8BA730098FEB7 /* sqbind.h */,
				3911F27E23D8BA730098FEB7 /* sqlinker.cpp */,
				3911F26223D8BA720098FEB7 /* sqlinker.h */,
				3911F26723D8BA720098FEB7 /* squirrel.cpp */,
				3911F27923D8BA730098FEB7 /* squirrel.h */,
				3911F26C23D8BA720098FEB7 /* stdafx.cpp */,
				3911F26323D8BA720098FEB7 /* stdafx.h */,
				3911F26123D8BA720098FEB7 /* vcs.h */,
			);
			path = k65mac;
			sourceTree = "<group>";
		};
		3911F26823D8BA720098FEB7 /* gen */ = {
			isa = PBXGroup;
			children = (
				3911F26923D8BA720098FEB7 /* compiler.cpp */,
				3911F26A23D8BA720098FEB7 /* compiler_evops.inl */,
			);
			name = gen;
			path = ../../../k65/src/gen;
			sourceTree = "<group>";
		};
		3911F28123D8BA730098FEB7 /* base */ = {
			isa = PBXGroup;
			children = (
				3911F28223D8BA730098FEB7 /* streams.h */,
				3911F28323D8BA730098FEB7 /* convert2.h */,
				3911F28423D8BA730098FEB7 /* strings.cpp */,
				3911F28523D8BA730098FEB7 /* vfs.h */,
				3911F28623D8BA730098FEB7 /* convert_parse.cpp */,
				3911F28723D8BA730098FEB7 /* strings.h */,
				3911F28823D8BA730098FEB7 /* streams.cpp */,
				3911F28923D8BA730098FEB7 /* vfs.cpp */,
				3911F28A23D8BA730098FEB7 /* base.h */,
				3911F28B23D8BA730098FEB7 /* vmath.h */,
			);
			name = base;
			path = ../../../k65/src/base;
			sourceTree = "<group>";
		};
/* End PBXGroup section */

/* Begin PBXNativeTarget section */
		3911F22723D8B5190098FEB7 /* k65mac */ = {
			isa = PBXNativeTarget;
			buildConfigurationList = 3911F22F23D8B5190098FEB7 /* Build configuration list for PBXNativeTarget "k65mac" */;
			buildPhases = (
				3911F22423D8B5190098FEB7 /* Sources */,
				3911F22523D8B5190098FEB7 /* Frameworks */,
				3911F22623D8B5190098FEB7 /* CopyFiles */,
			);
			buildRules = (
			);
			dependencies = (
			);
			name = k65mac;
			productName = k65mac;
			productReference = 3911F22823D8B5190098FEB7 /* k65mac */;
			productType = "com.apple.product-type.tool";
		};
/* End PBXNativeTarget section */

/* Begin PBXProject section */
		3911F22023D8B5190098FEB7 /* Project object */ = {
			isa = PBXProject;
			attributes = {
				LastUpgradeCheck = 1130;
				ORGANIZATIONNAME = "Michal Zuchowski";
				TargetAttributes = {
					3911F22723D8B5190098FEB7 = {
						CreatedOnToolsVersion = 11.3.1;
					};
				};
			};
			buildConfigurationList = 3911F22323D8B5190098FEB7 /* Build configuration list for PBXProject "k65mac" */;
			compatibilityVersion = "Xcode 9.3";
			developmentRegion = en;
			hasScannedForEncodings = 0;
			knownRegions = (
				en,
				Base,
			);
			mainGroup = 3911F21F23D8B5190098FEB7;
			productRefGroup = 3911F22923D8B5190098FEB7 /* Products */;
			projectDirPath = "";
			projectRoot = "";
			targets = (
				3911F22723D8B5190098FEB7 /* k65mac */,
			);
		};
/* End PBXProject section */

/* Begin PBXSourcesBuildPhase section */
		3911F22423D8B5190098FEB7 /* Sources */ = {
			isa = PBXSourcesBuildPhase;
			buildActionMask = 2147483647;
			files = (
				3911F28D23D8BA740098FEB7 /* squirrel.cpp in Sources */,
				39FA00B323D8BB9100840712 /* main.cpp in Sources */,
				3911F29823D8BA740098FEB7 /* sqapi.cpp in Sources */,
				3911F29123D8BA740098FEB7 /* compiler.inc in Sources */,
				3911F28F23D8BA740098FEB7 /* stdafx.cpp in Sources */,
				3911F29A23D8BA740098FEB7 /* convert_parse.cpp in Sources */,
				3911F28C23D8BA740098FEB7 /* asm.cpp in Sources */,
				3911F29423D8BA740098FEB7 /* imager.cpp in Sources */,
				3911F29323D8BA740098FEB7 /* compiler_eval.cpp in Sources */,
				3911F29223D8BA740098FEB7 /* comstate.cpp in Sources */,
				3911F29023D8BA740098FEB7 /* sqbind.cpp in Sources */,
				3911F29B23D8BA740098FEB7 /* streams.cpp in Sources */,
				3911F29623D8BA740098FEB7 /* compiler_src.cpp in Sources */,
				3911F29723D8BA740098FEB7 /* sqlinker.cpp in Sources */,
				3911F29923D8BA740098FEB7 /* strings.cpp in Sources */,
				3911F29C23D8BA740098FEB7 /* vfs.cpp in Sources */,
				3911F28E23D8BA740098FEB7 /* compiler.cpp in Sources */,
			);
			runOnlyForDeploymentPostprocessing = 0;
		};
/* End PBXSourcesBuildPhase section */

/* Begin XCBuildConfiguration section */
		3911F22D23D8B5190098FEB7 /* Debug */ = {
			isa = XCBuildConfiguration;
			buildSettings = {
				ALWAYS_SEARCH_USER_PATHS = NO;
				CLANG_ANALYZER_NONNULL = YES;
				CLANG_ANALYZER_NUMBER_OBJECT_CONVERSION = YES_AGGRESSIVE;
				CLANG_CXX_LANGUAGE_STANDARD = "gnu++14";
				CLANG_CXX_LIBRARY = "libc++";
				CLANG_ENABLE_MODULES = YES;
				CLANG_ENABLE_OBJC_ARC = YES;
				CLANG_ENABLE_OBJC_WEAK = YES;
				CLANG_WARN_BLOCK_CAPTURE_AUTORELEASING = YES;
				CLANG_WARN_BOOL_CONVERSION = YES;
				CLANG_WARN_COMMA = YES;
				CLANG_WARN_CONSTANT_CONVERSION = YES;
				CLANG_WARN_DEPRECATED_OBJC_IMPLEMENTATIONS = YES;
				CLANG_WARN_DIRECT_OBJC_ISA_USAGE = YES_ERROR;
				CLANG_WARN_DOCUMENTATION_COMMENTS = YES;
				CLANG_WARN_EMPTY_BODY = YES;
				CLANG_WARN_ENUM_CONVERSION = YES;
				CLANG_WARN_INFINITE_RECURSION = YES;
				CLANG_WARN_INT_CONVERSION = YES;
				CLANG_WARN_NON_LITERAL_NULL_CONVERSION = YES;
				CLANG_WARN_OBJC_IMPLICIT_RETAIN_SELF = YES;
				CLANG_WARN_OBJC_LITERAL_CONVERSION = YES;
				CLANG_WARN_OBJC_ROOT_CLASS = YES_ERROR;
				CLANG_WARN_RANGE_LOOP_ANALYSIS = YES;
				CLANG_WARN_STRICT_PROTOTYPES = YES;
				CLANG_WARN_SUSPICIOUS_MOVE = YES;
				CLANG_WARN_UNGUARDED_AVAILABILITY = YES_AGGRESSIVE;
				CLANG_WARN_UNREACHABLE_CODE = YES;
				CLANG_WARN__DUPLICATE_METHOD_MATCH = YES;
				COPY_PHASE_STRIP = NO;
				DEBUG_INFORMATION_FORMAT = dwarf;
				ENABLE_STRICT_OBJC_MSGSEND = YES;
				ENABLE_TESTABILITY = YES;
				GCC_C_LANGUAGE_STANDARD = gnu11;
				GCC_DYNAMIC_NO_PIC = NO;
				GCC_NO_COMMON_BLOCKS = YES;
				GCC_OPTIMIZATION_LEVEL = 0;
				GCC_PREPROCESSOR_DEFINITIONS = (
					"DEBUG=1",
					"$(inherited)",
				);
				GCC_WARN_64_TO_32_BIT_CONVERSION = YES;
				GCC_WARN_ABOUT_RETURN_TYPE = YES_ERROR;
				GCC_WARN_UNDECLARED_SELECTOR = YES;
				GCC_WARN_UNINITIALIZED_AUTOS = YES_AGGRESSIVE;
				GCC_WARN_UNUSED_FUNCTION = YES;
				GCC_WARN_UNUSED_VARIABLE = YES;
				MACOSX_DEPLOYMENT_TARGET = 10.15;
				MTL_ENABLE_DEBUG_INFO = INCLUDE_SOURCE;
				MTL_FAST_MATH = YES;
				ONLY_ACTIVE_ARCH = YES;
				SDKROOT = macosx;
			};
			name = Debug;
		};
		3911F22E23D8B5190098FEB7 /* Release */ = {
			isa = XCBuildConfiguration;
			buildSettings = {
				ALWAYS_SEARCH_USER_PATHS = NO;
				CLANG_ANALYZER_NONNULL = YES;
				CLANG_ANALYZER_NUMBER_OBJECT_CONVERSION = YES_AGGRESSIVE;
				CLANG_CXX_LANGUAGE_STANDARD = "gnu++14";
				CLANG_CXX_LIBRARY = "libc++";
				CLANG_ENABLE_MODULES = YES;
				CLANG_ENABLE_OBJC_ARC = YES;
				CLANG_ENABLE_OBJC_WEAK = YES;
				CLANG_WARN_BLOCK_CAPTURE_AUTORELEASING = YES;
				CLANG_WARN_BOOL_CONVERSION = YES;
				CLANG_WARN_COMMA = YES;
				CLANG_WARN_CONSTANT_CONVERSION = YES;
				CLANG_WARN_DEPRECATED_OBJC_IMPLEMENTATIONS = YES;
				CLANG_WARN_DIRECT_OBJC_ISA_USAGE = YES_ERROR;
				CLANG_WARN_DOCUMENTATION_COMMENTS = YES;
				CLANG_WARN_EMPTY_BODY = YES;
				CLANG_WARN_ENUM_CONVERSION = YES;
				CLANG_WARN_INFINITE_RECURSION = YES;
				CLANG_WARN_INT_CONVERSION = YES;
				CLANG_WARN_NON_LITERAL_NULL_CONVERSION = YES;
				CLANG_WARN_OBJC_IMPLICIT_RETAIN_SELF = YES;
				CLANG_WARN_OBJC_LITERAL_CONVERSION = YES;
				CLANG_WARN_OBJC_ROOT_CLASS = YES_ERROR;
				CLANG_WARN_RANGE_LOOP_ANALYSIS = YES;
				CLANG_WARN_STRICT_PROTOTYPES = YES;
				CLANG_WARN_SUSPICIOUS_MOVE = YES;
				CLANG_WARN_UNGUARDED_AVAILABILITY = YES_AGGRESSIVE;
				CLANG_WARN_UNREACHABLE_CODE = YES;
				CLANG_WARN__DUPLICATE_METHOD_MATCH = YES;
				COPY_PHASE_STRIP = NO;
				DEBUG_INFORMATION_FORMAT = "dwarf-with-dsym";
				ENABLE_NS_ASSERTIONS = NO;
				ENABLE_STRICT_OBJC_MSGSEND = YES;
				GCC_C_LANGUAGE_STANDARD = gnu11;
				GCC_NO_COMMON_BLOCKS = YES;
				GCC_WARN_64_TO_32_BIT_CONVERSION = YES;
				GCC_WARN_ABOUT_RETURN_TYPE = YES_ERROR;
				GCC_WARN_UNDECLARED_SELECTOR = YES;
				GCC_WARN_UNINITIALIZED_AUTOS = YES_AGGRESSIVE;
				GCC_WARN_UNUSED_FUNCTION = YES;
				GCC_WARN_UNUSED_VARIABLE = YES;
				MACOSX_DEPLOYMENT_TARGET = 10.15;
				MTL_ENABLE_DEBUG_INFO = NO;
				MTL_FAST_MATH = YES;
				SDKROOT = macosx;
			};
			name = Release;
		};
		3911F23023D8B5190098FEB7 /* Debug */ = {
			isa = XCBuildConfiguration;
			buildSettings = {
				CODE_SIGN_STYLE = Automatic;
				PRODUCT_NAME = "$(TARGET_NAME)";
			};
			name = Debug;
		};
		3911F23123D8B5190098FEB7 /* Release */ = {
			isa = XCBuildConfiguration;
			buildSettings = {
				CODE_SIGN_STYLE = Automatic;
				PRODUCT_NAME = "$(TARGET_NAME)";
			};
			name = Release;
		};
/* End XCBuildConfiguration section */

/* Begin XCConfigurationList section */
		3911F22323D8B5190098FEB7 /* Build configuration list for PBXProject "k65mac" */ = {
			isa = XCConfigurationList;
			buildConfigurations = (
				3911F22D23D8B5190098FEB7 /* Debug */,
				3911F22E23D8B5190098FEB7 /* Release */,
			);
			defaultConfigurationIsVisible = 0;
			defaultConfigurationName = Release;
		};
		3911F22F23D8B5190098FEB7 /* Build configuration list for PBXNativeTarget "k65mac" */ = {
			isa = XCConfigurationList;
			buildConfigurations = (
				3911F23023D8B5190098FEB7 /* Debug */,
				3911F23123D8B5190098FEB7 /* Release */,
			);
			defaultConfigurationIsVisible = 0;
			defaultConfigurationName = Release;
		};
/* End XCConfigurationList section */
	};
	rootObject = 3911F22023D8B5190098FEB7 /* Project object */;
}
